{
  "name": "http-server",
  "version": "1.0.0",
  "lockfileVersion": 1,
  "requires": true,
  "dependencies": {
    "@types/chrome-apps": {
      "version": "0.0.7",
      "resolved": "https://npm.heartlandcommerce.com/repository/npm-all/@types/chrome-apps/-/chrome-apps-0.0.7.tgz",
      "integrity": "sha512-J0L7BQmBeXlZ0/0hXfOE+DgjqDWQPWO0zpGakFYtSuIiFtQkL8dTdZR1NsNiBWA2gtWB1b+gxwPwvr4AkrATXQ==",
      "dev": true,
      "requires": {
        "@types/filesystem": "*"
      }
    },
    "@types/filesystem": {
      "version": "0.0.29",
      "resolved": "https://npm.heartlandcommerce.com/repository/npm-all/@types/filesystem/-/filesystem-0.0.29.tgz",
      "integrity": "sha512-85/1KfRedmfPGsbK8YzeaQUyV1FQAvMPMTuWFQ5EkLd2w7szhNO96bk3Rh/SKmOfd9co2rCLf0Voy4o7ECBOvw==",
      "dev": true,
      "requires": {
        "@types/filewriter": "*"
      }
    },
    "@types/filewriter": {
      "version": "0.0.28",
      "resolved": "https://npm.heartlandcommerce.com/repository/npm-all/@types/filewriter/-/filewriter-0.0.28.tgz",
      "integrity": "sha1-wFTor02d11205jq8dviFFocU1LM=",
      "dev": true
    },
    "@types/node": {
      "version": "10.12.9",
      "resolved": "https://npm.heartlandcommerce.com/repository/npm-all/@types/node/-/node-10.12.9.tgz",
      "integrity": "sha512-eajkMXG812/w3w4a1OcBlaTwsFPO5F7fJ/amy+tieQxEMWBlbV1JGSjkFM+zkHNf81Cad+dfIRA+IBkvmvdAeA==",
      "dev": true
    },
    "reflect-metadata": {
      "version": "0.1.12",
      "resolved": "https://npm.heartlandcommerce.com/repository/npm-all/reflect-metadata/-/reflect-metadata-0.1.12.tgz",
      "integrity": "sha512-n+IyV+nGz3+0q3/Yf1ra12KpCyi001bi4XFxSjbiWWjfqb52iTTtpGXmCCAOWWIAn9KEuFZKGqBERHmrtScZ3A=="
    },
    "rxjs": {
      "version": "6.3.3",
      "resolved": "https://npm.heartlandcommerce.com/repository/npm-all/rxjs/-/rxjs-6.3.3.tgz",
      "integrity": "sha512-JTWmoY9tWCs7zvIk/CvRjhjGaOd+OVBM987mxFo+OW66cGpdKjZcpmc74ES1sB//7Kl/PAe8+wEakuhG4pcgOw==",
      "requires": {
        "tslib": "^1.9.0"
      }
    },
    "tslib": {
      "version": "1.9.3",
      "resolved": "https://npm.heartlandcommerce.com/repository/npm-all/tslib/-/tslib-1.9.3.tgz",
      "integrity": "sha512-4krF8scpejhaOgqzBEcGM7yDIEfi0/8+8zDRZhNZZ2kjmHJ4hv3zCbQWxoJGz1iw5U0Jl0nma13xzHXcncMavQ=="
    },
    "typescript": {
      "version": "3.2.0-rc",
      "resolved": "https://npm.heartlandcommerce.com/repository/npm-all/typescript/-/typescript-3.2.0-rc.tgz",
      "integrity": "sha512-RgKDOpEdbU9dAkB4TzxWy46wiyNUKQo0NM0bB7WfvEFw50yu046ldQXpOUYMUTLIAHnToOCtHsu39MYE8o6NCw==",
      "dev": true
    }
  }
}
